
Microsoft Visual Studio Solution File, Format Version 12.00
# Visual Studio Version 16
VisualStudioVersion = 16.0.30406.217
MinimumVisualStudioVersion = 10.0.40219.1
Project("{FAE04EC0-301F-11D3-BF4B-00C04F79EFBC}") = "ArtistMedia", "ArtistMedia\ArtistMedia.csproj", "{644C7BF9-7DFB-4169-85B3-C18215D49AEC}"
EndProject
Global
	GlobalSection(SolutionConfigurationPlatforms) = preSolution
		Debug|Any CPU = Debug|Any CPU
		Release|Any CPU = Release|Any CPU
	EndGlobalSection
	GlobalSection(ProjectConfigurationPlatforms) = postSolution
		{644C7BF9-7DFB-4169-85B3-C18215D49AEC}.Debug|Any CPU.ActiveCfg = Debug|Any CPU
		{644C7BF9-7DFB-4169-85B3-C18215D49AEC}.Debug|Any CPU.Build.0 = Debug|Any CPU
		{644C7BF9-7DFB-4169-85B3-C18215D49AEC}.Release|Any CPU.ActiveCfg = Release|Any CPU
		{644C7BF9-7DFB-4169-85B3-C18215D49AEC}.Release|Any CPU.Build.0 = Release|Any CPU
	EndGlobalSection
	GlobalSection(SolutionProperties) = preSolution
		HideSolutionNode = FALSE
	EndGlobalSection
	GlobalSection(ExtensibilityGlobals) = postSolution
		SolutionGuid = {38C613EA-D781-43B8-AC1E-F3B3155A1E8A}
	EndGlobalSection
EndGlobal
